<Solution>
  <Folder Name="/EventHighway.Core/">
    <Project Path="EventHighway.Abstractions/EventHighway.Abstractions.csproj" />
    <Project Path="EventHighway.Core.Tests.Acceptance/EventHighway.Core.Tests.Acceptance.csproj" />
    <Project Path="EventHighway.Core.Tests.Unit/EventHighway.Core.Tests.Unit.csproj" />
    <Project Path="EventHighway.Core/EventHighway.Core.csproj" />
  </Folder>
  <Folder Name="/EventHighway.EventHandlers/">
    <Project Path="EventHighway.EventHandlers.Tests.Acceptance/EventHighway.EventHandlers.Tests.Acceptance.csproj" />
    <Project Path="EventHighway.EventHandlers.Tests.Unit/EventHighway.EventHandlers.Tests.Unit.csproj" />
    <Project Path="EventHighway.EventHandlers/EventHighway.EventHandlers.csproj" />
  </Folder>
  <Folder Name="/Providers/">
    <Project Path="EventHighway.PostgresSql/EventHighway.PostgresSql.csproj" Id="7b9b3b26-99ff-4ff8-a605-9459714eaeb1" />
    <Project Path="EventHighway.SqlServer/EventHighway.SqlServer.csproj" Id="e2a1ae4c-319e-4185-bef3-969c94de1a06" />
  </Folder>
  <Folder Name="/Samples/" />
  <Folder Name="/Samples/ClientV1/">
    <Project Path="EventHighway.App/EventHighway.App.csproj">
      <Build Solution="Debug|*" Project="false" />
    </Project>
    <Project Path="EventHighway.ClientV1.App/EventHighway.ClientV1.App.csproj" />
  </Folder>
  <Folder Name="/Samples/ClientV2/">
    <Project Path="EventHighway.ClientV2.BasicApp/EventHighway.ClientV2.BasicApp.csproj" />
    <Project Path="EventHighway.ClientV2.SubstrateApp/EventHighway.ClientV2.SubstrateApp.csproj" />
  </Folder>
  <Folder Name="/Portal/">
    <Project Path="EventHighway.Portal.Seed/EventHighway.Portal.Seed.csproj" />
    <Project Path="EventHighway.Portal.Web.Tests.Unit/EventHighway.Portal.Web.Tests.Unit.csproj" />
    <Project Path="EventHighway.Portal.Web/EventHighway.Portal.Web.csproj" />
  </Folder>
  <Project Path="EventHighway.Infrastructure/EventHighway.Infrastructure.csproj" />
</Solution>
